// !$*UTF8*$!
{
	archiveVersion = 1;
	classes = {
	};
	objectVersion = 46;
	objects = {

/* Begin PBXBuildFile section */
		270B7C2B1CF9563800919334 /* HeaderView.swift in Sources */ = {isa = PBXBuildFile; fileRef = 270B7C2A1CF9563800919334 /* HeaderView.swift */; };
		2730281C1CFC751F00B019FB /* PeopleDetailCell.swift in Sources */ = {isa = PBXBuildFile; fileRef = 2730281B1CFC751F00B019FB /* PeopleDetailCell.swift */; };
		277C04A11CFEE09600D56784 /* Notice.swift in Sources */ = {isa = PBXBuildFile; fileRef = 277C04A01CFEE09600D56784 /* Notice.swift */; };
		2787F02C1CF853DC006CF5F6 /* Config.swift in Sources */ = {isa = PBXBuildFile; fileRef = 2787F02B1CF853DC006CF5F6 /* Config.swift */; };
		27986C111CFFF3E500CD48D2 /* NoticeCell.swift in Sources */ = {isa = PBXBuildFile; fileRef = 27986C101CFFF3E500CD48D2 /* NoticeCell.swift */; };
		27986C131CFFF89B00CD48D2 /* NoticeVC.swift in Sources */ = {isa = PBXBuildFile; fileRef = 27986C121CFFF89B00CD48D2 /* NoticeVC.swift */; };
		27986C161CFFFE9B00CD48D2 /* RecvPeopleCell.swift in Sources */ = {isa = PBXBuildFile; fileRef = 27986C141CFFFE9B00CD48D2 /* RecvPeopleCell.swift */; };
		27986C171CFFFE9B00CD48D2 /* RecvPeopleCell.xib in Resources */ = {isa = PBXBuildFile; fileRef = 27986C151CFFFE9B00CD48D2 /* RecvPeopleCell.xib */; };
		27986C191D0000F900CD48D2 /* SelectPeopleVC.swift in Sources */ = {isa = PBXBuildFile; fileRef = 27986C181D0000F900CD48D2 /* SelectPeopleVC.swift */; };
		27998A931CFECF22004D772F /* NotificationVC.swift in Sources */ = {isa = PBXBuildFile; fileRef = 27998A921CFECF22004D772F /* NotificationVC.swift */; };
		279E8BB91CFD8E5000046564 /* UserDetailCell.swift in Sources */ = {isa = PBXBuildFile; fileRef = 279E8BB81CFD8E5000046564 /* UserDetailCell.swift */; };
		27A2D2FC1CF846C0002B377D /* AppDelegate.swift in Sources */ = {isa = PBXBuildFile; fileRef = 27A2D2FB1CF846C0002B377D /* AppDelegate.swift */; };
		27A2D2FE1CF846C0002B377D /* ViewController.swift in Sources */ = {isa = PBXBuildFile; fileRef = 27A2D2FD1CF846C0002B377D /* ViewController.swift */; };
		27A2D3011CF846C0002B377D /* Main.storyboard in Resources */ = {isa = PBXBuildFile; fileRef = 27A2D2FF1CF846C0002B377D /* Main.storyboard */; };
		27A2D3031CF846C0002B377D /* Assets.xcassets in Resources */ = {isa = PBXBuildFile; fileRef = 27A2D3021CF846C0002B377D /* Assets.xcassets */; };
		27A2D3061CF846C0002B377D /* LaunchScreen.storyboard in Resources */ = {isa = PBXBuildFile; fileRef = 27A2D3041CF846C0002B377D /* LaunchScreen.storyboard */; };
		27A2D3101CF84780002B377D /* Log.swift in Sources */ = {isa = PBXBuildFile; fileRef = 27A2D30E1CF84780002B377D /* Log.swift */; };
		27A2D3111CF84780002B377D /* Upload.swift in Sources */ = {isa = PBXBuildFile; fileRef = 27A2D30F1CF84780002B377D /* Upload.swift */; };
		27A2D31C1CF847D8002B377D /* PopMenu.swift in Sources */ = {isa = PBXBuildFile; fileRef = 27A2D3191CF847D8002B377D /* PopMenu.swift */; };
		27A2D3231CF847EA002B377D /* MainController.swift in Sources */ = {isa = PBXBuildFile; fileRef = 27A2D3211CF847EA002B377D /* MainController.swift */; };
		27A2D3241CF847EA002B377D /* LoginController.swift in Sources */ = {isa = PBXBuildFile; fileRef = 27A2D3221CF847EA002B377D /* LoginController.swift */; };
		27A2D3291CF847F0002B377D /* FuncVC.swift in Sources */ = {isa = PBXBuildFile; fileRef = 27A2D3261CF847F0002B377D /* FuncVC.swift */; };
		27A2D32A1CF847F0002B377D /* ContactVC.swift in Sources */ = {isa = PBXBuildFile; fileRef = 27A2D3271CF847F0002B377D /* ContactVC.swift */; };
		27A752991D01C17E0081EEE2 /* ScoreVC.swift in Sources */ = {isa = PBXBuildFile; fileRef = 27A752981D01C17E0081EEE2 /* ScoreVC.swift */; };
		27A7529B1D01D1140081EEE2 /* ScheduleVC.swift in Sources */ = {isa = PBXBuildFile; fileRef = 27A7529A1D01D1140081EEE2 /* ScheduleVC.swift */; };
		27B9170C1CFC3D20001CC916 /* PeopleDetailVC.swift in Sources */ = {isa = PBXBuildFile; fileRef = 27B9170B1CFC3D20001CC916 /* PeopleDetailVC.swift */; };
		27CEC1171D0192B6005C6C24 /* iconfont.ttf in Resources */ = {isa = PBXBuildFile; fileRef = 27CEC1161D0192B6005C6C24 /* iconfont.ttf */; };
		27E4DF8D1CF89F9900D99321 /* Group.swift in Sources */ = {isa = PBXBuildFile; fileRef = 27E4DF8C1CF89F9900D99321 /* Group.swift */; };
		27E4DF8F1CF8A0B700D99321 /* Friend.swift in Sources */ = {isa = PBXBuildFile; fileRef = 27E4DF8E1CF8A0B700D99321 /* Friend.swift */; };
		27E4DF921CF8A64000D99321 /* FriendCell.swift in Sources */ = {isa = PBXBuildFile; fileRef = 27E4DF901CF8A64000D99321 /* FriendCell.swift */; };
		27E4DF931CF8A64000D99321 /* FriendCell.xib in Resources */ = {isa = PBXBuildFile; fileRef = 27E4DF911CF8A64000D99321 /* FriendCell.xib */; };
/* End PBXBuildFile section */

/* Begin PBXFileReference section */
		270B7C2A1CF9563800919334 /* HeaderView.swift */ = {isa = PBXFileReference; fileEncoding = 4; lastKnownFileType = sourcecode.swift; path = HeaderView.swift; sourceTree = "<group>"; };
		2730281B1CFC751F00B019FB /* PeopleDetailCell.swift */ = {isa = PBXFileReference; fileEncoding = 4; lastKnownFileType = sourcecode.swift; path = PeopleDetailCell.swift; sourceTree = "<group>"; };
		277C04A01CFEE09600D56784 /* Notice.swift */ = {isa = PBXFileReference; fileEncoding = 4; lastKnownFileType = sourcecode.swift; path = Notice.swift; sourceTree = "<group>"; };
		2787F02B1CF853DC006CF5F6 /* Config.swift */ = {isa = PBXFileReference; fileEncoding = 4; lastKnownFileType = sourcecode.swift; path = Config.swift; sourceTree = "<group>"; };
		27986C101CFFF3E500CD48D2 /* NoticeCell.swift */ = {isa = PBXFileReference; fileEncoding = 4; lastKnownFileType = sourcecode.swift; path = NoticeCell.swift; sourceTree = "<group>"; };
		27986C121CFFF89B00CD48D2 /* NoticeVC.swift */ = {isa = PBXFileReference; fileEncoding = 4; lastKnownFileType = sourcecode.swift; path = NoticeVC.swift; sourceTree = "<group>"; };
		27986C141CFFFE9B00CD48D2 /* RecvPeopleCell.swift */ = {isa = PBXFileReference; fileEncoding = 4; lastKnownFileType = sourcecode.swift; path = RecvPeopleCell.swift; sourceTree = "<group>"; };
		27986C151CFFFE9B00CD48D2 /* RecvPeopleCell.xib */ = {isa = PBXFileReference; fileEncoding = 4; lastKnownFileType = file.xib; path = RecvPeopleCell.xib; sourceTree = "<group>"; };
		27986C181D0000F900CD48D2 /* SelectPeopleVC.swift */ = {isa = PBXFileReference; fileEncoding = 4; lastKnownFileType = sourcecode.swift; path = SelectPeopleVC.swift; sourceTree = "<group>"; };
		27998A921CFECF22004D772F /* NotificationVC.swift */ = {isa = PBXFileReference; fileEncoding = 4; lastKnownFileType = sourcecode.swift; path = NotificationVC.swift; sourceTree = "<group>"; };
		279E8BB81CFD8E5000046564 /* UserDetailCell.swift */ = {isa = PBXFileReference; fileEncoding = 4; lastKnownFileType = sourcecode.swift; path = UserDetailCell.swift; sourceTree = "<group>"; };
		279E8BBC1CFD9E6700046564 /* Readme.md */ = {isa = PBXFileReference; fileEncoding = 4; lastKnownFileType = net.daringfireball.markdown; path = Readme.md; sourceTree = "<group>"; };
		27A2D2F81CF846C0002B377D /* xiaoyuantong.app */ = {isa = PBXFileReference; explicitFileType = wrapper.application; includeInIndex = 0; path = xiaoyuantong.app; sourceTree = BUILT_PRODUCTS_DIR; };
		27A2D2FB1CF846C0002B377D /* AppDelegate.swift */ = {isa = PBXFileReference; lastKnownFileType = sourcecode.swift; path = AppDelegate.swift; sourceTree = "<group>"; };
		27A2D2FD1CF846C0002B377D /* ViewController.swift */ = {isa = PBXFileReference; lastKnownFileType = sourcecode.swift; path = ViewController.swift; sourceTree = "<group>"; };
		27A2D3001CF846C0002B377D /* Base */ = {isa = PBXFileReference; lastKnownFileType = file.storyboard; name = Base; path = Base.lproj/Main.storyboard; sourceTree = "<group>"; };
		27A2D3021CF846C0002B377D /* Assets.xcassets */ = {isa = PBXFileReference; lastKnownFileType = folder.assetcatalog; path = Assets.xcassets; sourceTree = "<group>"; };
		27A2D3051CF846C0002B377D /* Base */ = {isa = PBXFileReference; lastKnownFileType = file.storyboard; name = Base; path = Base.lproj/LaunchScreen.storyboard; sourceTree = "<group>"; };
		27A2D3071CF846C0002B377D /* Info.plist */ = {isa = PBXFileReference; lastKnownFileType = text.plist.xml; path = Info.plist; sourceTree = "<group>"; };
		27A2D30D1CF84776002B377D /* Bridge.h */ = {isa = PBXFileReference; lastKnownFileType = sourcecode.c.h; path = Bridge.h; sourceTree = "<group>"; };
		27A2D30E1CF84780002B377D /* Log.swift */ = {isa = PBXFileReference; fileEncoding = 4; lastKnownFileType = sourcecode.swift; path = Log.swift; sourceTree = "<group>"; };
		27A2D30F1CF84780002B377D /* Upload.swift */ = {isa = PBXFileReference; fileEncoding = 4; lastKnownFileType = sourcecode.swift; path = Upload.swift; sourceTree = "<group>"; };
		27A2D3191CF847D8002B377D /* PopMenu.swift */ = {isa = PBXFileReference; fileEncoding = 4; lastKnownFileType = sourcecode.swift; path = PopMenu.swift; sourceTree = "<group>"; };
		27A2D3211CF847EA002B377D /* MainController.swift */ = {isa = PBXFileReference; fileEncoding = 4; lastKnownFileType = sourcecode.swift; path = MainController.swift; sourceTree = "<group>"; };
		27A2D3221CF847EA002B377D /* LoginController.swift */ = {isa = PBXFileReference; fileEncoding = 4; lastKnownFileType = sourcecode.swift; path = LoginController.swift; sourceTree = "<group>"; };
		27A2D3261CF847F0002B377D /* FuncVC.swift */ = {isa = PBXFileReference; fileEncoding = 4; lastKnownFileType = sourcecode.swift; path = FuncVC.swift; sourceTree = "<group>"; };
		27A2D3271CF847F0002B377D /* ContactVC.swift */ = {isa = PBXFileReference; fileEncoding = 4; lastKnownFileType = sourcecode.swift; path = ContactVC.swift; sourceTree = "<group>"; };
		27A752981D01C17E0081EEE2 /* ScoreVC.swift */ = {isa = PBXFileReference; fileEncoding = 4; lastKnownFileType = sourcecode.swift; path = ScoreVC.swift; sourceTree = "<group>"; };
		27A7529A1D01D1140081EEE2 /* ScheduleVC.swift */ = {isa = PBXFileReference; fileEncoding = 4; lastKnownFileType = sourcecode.swift; path = ScheduleVC.swift; sourceTree = "<group>"; };
		27B9170B1CFC3D20001CC916 /* PeopleDetailVC.swift */ = {isa = PBXFileReference; fileEncoding = 4; lastKnownFileType = sourcecode.swift; path = PeopleDetailVC.swift; sourceTree = "<group>"; };
		27CEC1161D0192B6005C6C24 /* iconfont.ttf */ = {isa = PBXFileReference; lastKnownFileType = file; path = iconfont.ttf; sourceTree = "<group>"; };
		27E4DF8C1CF89F9900D99321 /* Group.swift */ = {isa = PBXFileReference; fileEncoding = 4; lastKnownFileType = sourcecode.swift; path = Group.swift; sourceTree = "<group>"; };
		27E4DF8E1CF8A0B700D99321 /* Friend.swift */ = {isa = PBXFileReference; fileEncoding = 4; lastKnownFileType = sourcecode.swift; path = Friend.swift; sourceTree = "<group>"; };
		27E4DF901CF8A64000D99321 /* FriendCell.swift */ = {isa = PBXFileReference; fileEncoding = 4; lastKnownFileType = sourcecode.swift; path = FriendCell.swift; sourceTree = "<group>"; };
		27E4DF911CF8A64000D99321 /* FriendCell.xib */ = {isa = PBXFileReference; fileEncoding = 4; lastKnownFileType = file.xib; path = FriendCell.xib; sourceTree = "<group>"; };
/* End PBXFileReference section */

/* Begin PBXFrameworksBuildPhase section */
		27A2D2F51CF846C0002B377D /* Frameworks */ = {
			isa = PBXFrameworksBuildPhase;
			buildActionMask = 2147483647;
			files = (
			);
			runOnlyForDeploymentPostprocessing = 0;
		};
/* End PBXFrameworksBuildPhase section */

/* Begin PBXGroup section */
		27A2D2EF1CF846C0002B377D = {
			isa = PBXGroup;
			children = (
				279E8BBC1CFD9E6700046564 /* Readme.md */,
				27A2D2FA1CF846C0002B377D /* xiaoyuantong */,
				27A2D2F91CF846C0002B377D /* Products */,
			);
			sourceTree = "<group>";
		};
		27A2D2F91CF846C0002B377D /* Products */ = {
			isa = PBXGroup;
			children = (
				27A2D2F81CF846C0002B377D /* xiaoyuantong.app */,
			);
			name = Products;
			sourceTree = "<group>";
		};
		27A2D2FA1CF846C0002B377D /* xiaoyuantong */ = {
			isa = PBXGroup;
			children = (
				2787F02B1CF853DC006CF5F6 /* Config.swift */,
				27A2D3151CF847BD002B377D /* Controller */,
				27A2D3141CF847A6002B377D /* Model */,
				27A2D3131CF8479C002B377D /* iconfont */,
				27A2D2FB1CF846C0002B377D /* AppDelegate.swift */,
				27A2D2FD1CF846C0002B377D /* ViewController.swift */,
				27A2D2FF1CF846C0002B377D /* Main.storyboard */,
				27A2D3021CF846C0002B377D /* Assets.xcassets */,
				27A2D3041CF846C0002B377D /* LaunchScreen.storyboard */,
				27A2D30D1CF84776002B377D /* Bridge.h */,
				27A2D30E1CF84780002B377D /* Log.swift */,
				27A2D30F1CF84780002B377D /* Upload.swift */,
				27A2D3071CF846C0002B377D /* Info.plist */,
			);
			path = xiaoyuantong;
			sourceTree = "<group>";
		};
		27A2D3131CF8479C002B377D /* iconfont */ = {
			isa = PBXGroup;
			children = (
				27CEC1161D0192B6005C6C24 /* iconfont.ttf */,
			);
			name = iconfont;
			sourceTree = "<group>";
		};
		27A2D3141CF847A6002B377D /* Model */ = {
			isa = PBXGroup;
			children = (
				27A2D3161CF847D0002B377D /* Cell */,
				27E4DF8C1CF89F9900D99321 /* Group.swift */,
				27E4DF8E1CF8A0B700D99321 /* Friend.swift */,
				277C04A01CFEE09600D56784 /* Notice.swift */,
			);
			name = Model;
			sourceTree = "<group>";
		};
		27A2D3151CF847BD002B377D /* Controller */ = {
			isa = PBXGroup;
			children = (
				27A2D3211CF847EA002B377D /* MainController.swift */,
				27A2D3221CF847EA002B377D /* LoginController.swift */,
				27A2D3261CF847F0002B377D /* FuncVC.swift */,
				27A2D3271CF847F0002B377D /* ContactVC.swift */,
				27B9170B1CFC3D20001CC916 /* PeopleDetailVC.swift */,
				27998A921CFECF22004D772F /* NotificationVC.swift */,
				27986C121CFFF89B00CD48D2 /* NoticeVC.swift */,
				27986C181D0000F900CD48D2 /* SelectPeopleVC.swift */,
				27A752981D01C17E0081EEE2 /* ScoreVC.swift */,
				27A7529A1D01D1140081EEE2 /* ScheduleVC.swift */,
			);
			name = Controller;
			sourceTree = "<group>";
		};
		27A2D3161CF847D0002B377D /* Cell */ = {
			isa = PBXGroup;
			children = (
				27A2D3191CF847D8002B377D /* PopMenu.swift */,
				27E4DF901CF8A64000D99321 /* FriendCell.swift */,
				27E4DF911CF8A64000D99321 /* FriendCell.xib */,
				270B7C2A1CF9563800919334 /* HeaderView.swift */,
				2730281B1CFC751F00B019FB /* PeopleDetailCell.swift */,
				279E8BB81CFD8E5000046564 /* UserDetailCell.swift */,
				27986C101CFFF3E500CD48D2 /* NoticeCell.swift */,
				27986C141CFFFE9B00CD48D2 /* RecvPeopleCell.swift */,
				27986C151CFFFE9B00CD48D2 /* RecvPeopleCell.xib */,
			);
			name = Cell;
			sourceTree = "<group>";
		};
/* End PBXGroup section */

/* Begin PBXNativeTarget section */
		27A2D2F71CF846C0002B377D /* xiaoyuantong */ = {
			isa = PBXNativeTarget;
			buildConfigurationList = 27A2D30A1CF846C0002B377D /* Build configuration list for PBXNativeTarget "xiaoyuantong" */;
			buildPhases = (
				27A2D2F41CF846C0002B377D /* Sources */,
				27A2D2F51CF846C0002B377D /* Frameworks */,
				27A2D2F61CF846C0002B377D /* Resources */,
			);
			buildRules = (
			);
			dependencies = (
			);
			name = xiaoyuantong;
			productName = xiaoyuantong;
			productReference = 27A2D2F81CF846C0002B377D /* xiaoyuantong.app */;
			productType = "com.apple.product-type.application";
		};
/* End PBXNativeTarget section */

/* Begin PBXProject section */
		27A2D2F01CF846C0002B377D /* Project object */ = {
			isa = PBXProject;
			attributes = {
				LastSwiftUpdateCheck = 0730;
				LastUpgradeCheck = 0730;
				ORGANIZATIONNAME = "谭钧豪";
				TargetAttributes = {
					27A2D2F71CF846C0002B377D = {
						CreatedOnToolsVersion = 7.3.1;
					};
				};
			};
			buildConfigurationList = 27A2D2F31CF846C0002B377D /* Build configuration list for PBXProject "xiaoyuantong" */;
			compatibilityVersion = "Xcode 3.2";
			developmentRegion = English;
			hasScannedForEncodings = 0;
			knownRegions = (
				en,
				Base,
			);
			mainGroup = 27A2D2EF1CF846C0002B377D;
			productRefGroup = 27A2D2F91CF846C0002B377D /* Products */;
			projectDirPath = "";
			projectRoot = "";
			targets = (
				27A2D2F71CF846C0002B377D /* xiaoyuantong */,
			);
		};
/* End PBXProject section */

/* Begin PBXResourcesBuildPhase section */
		27A2D2F61CF846C0002B377D /* Resources */ = {
			isa = PBXResourcesBuildPhase;
			buildActionMask = 2147483647;
			files = (
				27E4DF931CF8A64000D99321 /* FriendCell.xib in Resources */,
				27A2D3061CF846C0002B377D /* LaunchScreen.storyboard in Resources */,
				27CEC1171D0192B6005C6C24 /* iconfont.ttf in Resources */,
				27986C171CFFFE9B00CD48D2 /* RecvPeopleCell.xib in Resources */,
				27A2D3031CF846C0002B377D /* Assets.xcassets in Resources */,
				27A2D3011CF846C0002B377D /* Main.storyboard in Resources */,
			);
			runOnlyForDeploymentPostprocessing = 0;
		};
/* End PBXResourcesBuildPhase section */

/* Begin PBXSourcesBuildPhase section */
		27A2D2F41CF846C0002B377D /* Sources */ = {
			isa = PBXSourcesBuildPhase;
			buildActionMask = 2147483647;
			files = (
				27A2D3231CF847EA002B377D /* MainController.swift in Sources */,
				27998A931CFECF22004D772F /* NotificationVC.swift in Sources */,
				27E4DF8F1CF8A0B700D99321 /* Friend.swift in Sources */,
				27A2D3241CF847EA002B377D /* LoginController.swift in Sources */,
				27A2D3291CF847F0002B377D /* FuncVC.swift in Sources */,
				27A7529B1D01D1140081EEE2 /* ScheduleVC.swift in Sources */,
				27A2D32A1CF847F0002B377D /* ContactVC.swift in Sources */,
				27A2D3111CF84780002B377D /* Upload.swift in Sources */,
				279E8BB91CFD8E5000046564 /* UserDetailCell.swift in Sources */,
				2787F02C1CF853DC006CF5F6 /* Config.swift in Sources */,
				27986C111CFFF3E500CD48D2 /* NoticeCell.swift in Sources */,
				27986C161CFFFE9B00CD48D2 /* RecvPeopleCell.swift in Sources */,
				27E4DF921CF8A64000D99321 /* FriendCell.swift in Sources */,
				27986C191D0000F900CD48D2 /* SelectPeopleVC.swift in Sources */,
				27A752991D01C17E0081EEE2 /* ScoreVC.swift in Sources */,
				27E4DF8D1CF89F9900D99321 /* Group.swift in Sources */,
				2730281C1CFC751F00B019FB /* PeopleDetailCell.swift in Sources */,
				27A2D2FE1CF846C0002B377D /* ViewController.swift in Sources */,
				27A2D31C1CF847D8002B377D /* PopMenu.swift in Sources */,
				27A2D2FC1CF846C0002B377D /* AppDelegate.swift in Sources */,
				27A2D3101CF84780002B377D /* Log.swift in Sources */,
				27B9170C1CFC3D20001CC916 /* PeopleDetailVC.swift in Sources */,
				277C04A11CFEE09600D56784 /* Notice.swift in Sources */,
				270B7C2B1CF9563800919334 /* HeaderView.swift in Sources */,
				27986C131CFFF89B00CD48D2 /* NoticeVC.swift in Sources */,
			);
			runOnlyForDeploymentPostprocessing = 0;
		};
/* End PBXSourcesBuildPhase section */

/* Begin PBXVariantGroup section */
		27A2D2FF1CF846C0002B377D /* Main.storyboard */ = {
			isa = PBXVariantGroup;
			children = (
				27A2D3001CF846C0002B377D /* Base */,
			);
			name = Main.storyboard;
			sourceTree = "<group>";
		};
		27A2D3041CF846C0002B377D /* LaunchScreen.storyboard */ = {
			isa = PBXVariantGroup;
			children = (
				27A2D3051CF846C0002B377D /* Base */,
			);
			name = LaunchScreen.storyboard;
			sourceTree = "<group>";
		};
/* End PBXVariantGroup section */

/* Begin XCBuildConfiguration section */
		27A2D3081CF846C0002B377D /* Debug */ = {
			isa = XCBuildConfiguration;
			buildSettings = {
				ALWAYS_SEARCH_USER_PATHS = NO;
				CLANG_ANALYZER_NONNULL = YES;
				CLANG_CXX_LANGUAGE_STANDARD = "gnu++0x";
				CLANG_CXX_LIBRARY = "libc++";
				CLANG_ENABLE_MODULES = YES;
				CLANG_ENABLE_OBJC_ARC = YES;
				CLANG_WARN_BOOL_CONVERSION = YES;
				CLANG_WARN_CONSTANT_CONVERSION = YES;
				CLANG_WARN_DIRECT_OBJC_ISA_USAGE = YES_ERROR;
				CLANG_WARN_EMPTY_BODY = YES;
				CLANG_WARN_ENUM_CONVERSION = YES;
				CLANG_WARN_INT_CONVERSION = YES;
				CLANG_WARN_OBJC_ROOT_CLASS = YES_ERROR;
				CLANG_WARN_UNREACHABLE_CODE = YES;
				CLANG_WARN__DUPLICATE_METHOD_MATCH = YES;
				"CODE_SIGN_IDENTITY[sdk=iphoneos*]" = "iPhone Developer";
				COPY_PHASE_STRIP = NO;
				DEBUG_INFORMATION_FORMAT = dwarf;
				ENABLE_STRICT_OBJC_MSGSEND = YES;
				ENABLE_TESTABILITY = YES;
				GCC_C_LANGUAGE_STANDARD = gnu99;
				GCC_DYNAMIC_NO_PIC = NO;
				GCC_NO_COMMON_BLOCKS = YES;
				GCC_OPTIMIZATION_LEVEL = 0;
				GCC_PREPROCESSOR_DEFINITIONS = (
					"DEBUG=1",
					"$(inherited)",
				);
				GCC_WARN_64_TO_32_BIT_CONVERSION = YES;
				GCC_WARN_ABOUT_RETURN_TYPE = YES_ERROR;
				GCC_WARN_UNDECLARED_SELECTOR = YES;
				GCC_WARN_UNINITIALIZED_AUTOS = YES_AGGRESSIVE;
				GCC_WARN_UNUSED_FUNCTION = YES;
				GCC_WARN_UNUSED_VARIABLE = YES;
				IPHONEOS_DEPLOYMENT_TARGET = 9.3;
				MTL_ENABLE_DEBUG_INFO = YES;
				ONLY_ACTIVE_ARCH = YES;
				SDKROOT = iphoneos;
				SWIFT_OPTIMIZATION_LEVEL = "-Onone";
				TARGETED_DEVICE_FAMILY = "1,2";
			};
			name = Debug;
		};
		27A2D3091CF846C0002B377D /* Release */ = {
			isa = XCBuildConfiguration;
			buildSettings = {
				ALWAYS_SEARCH_USER_PATHS = NO;
				CLANG_ANALYZER_NONNULL = YES;
				CLANG_CXX_LANGUAGE_STANDARD = "gnu++0x";
				CLANG_CXX_LIBRARY = "libc++";
				CLANG_ENABLE_MODULES = YES;
				CLANG_ENABLE_OBJC_ARC = YES;
				CLANG_WARN_BOOL_CONVERSION = YES;
				CLANG_WARN_CONSTANT_CONVERSION = YES;
				CLANG_WARN_DIRECT_OBJC_ISA_USAGE = YES_ERROR;
				CLANG_WARN_EMPTY_BODY = YES;
				CLANG_WARN_ENUM_CONVERSION = YES;
				CLANG_WARN_INT_CONVERSION = YES;
				CLANG_WARN_OBJC_ROOT_CLASS = YES_ERROR;
				CLANG_WARN_UNREACHABLE_CODE = YES;
				CLANG_WARN__DUPLICATE_METHOD_MATCH = YES;
				"CODE_SIGN_IDENTITY[sdk=iphoneos*]" = "iPhone Developer";
				COPY_PHASE_STRIP = NO;
				DEBUG_INFORMATION_FORMAT = "dwarf-with-dsym";
				ENABLE_NS_ASSERTIONS = NO;
				ENABLE_STRICT_OBJC_MSGSEND = YES;
				GCC_C_LANGUAGE_STANDARD = gnu99;
				GCC_NO_COMMON_BLOCKS = YES;
				GCC_WARN_64_TO_32_BIT_CONVERSION = YES;
				GCC_WARN_ABOUT_RETURN_TYPE = YES_ERROR;
				GCC_WARN_UNDECLARED_SELECTOR = YES;
				GCC_WARN_UNINITIALIZED_AUTOS = YES_AGGRESSIVE;
				GCC_WARN_UNUSED_FUNCTION = YES;
				GCC_WARN_UNUSED_VARIABLE = YES;
				IPHONEOS_DEPLOYMENT_TARGET = 9.3;
				MTL_ENABLE_DEBUG_INFO = NO;
				SDKROOT = iphoneos;
				TARGETED_DEVICE_FAMILY = "1,2";
				VALIDATE_PRODUCT = YES;
			};
			name = Release;
		};
		27A2D30B1CF846C0002B377D /* Debug */ = {
			isa = XCBuildConfiguration;
			buildSettings = {
				ASSETCATALOG_COMPILER_APPICON_NAME = AppIcon;
				INFOPLIST_FILE = xiaoyuantong/Info.plist;
				LD_RUNPATH_SEARCH_PATHS = "$(inherited) @executable_path/Frameworks";
				PRODUCT_BUNDLE_IDENTIFIER = com.Tan.xiaoyuantong;
				PRODUCT_NAME = "$(TARGET_NAME)";
				SWIFT_OBJC_BRIDGING_HEADER = xiaoyuantong/Bridge.h;
			};
			name = Debug;
		};
		27A2D30C1CF846C0002B377D /* Release */ = {
			isa = XCBuildConfiguration;
			buildSettings = {
				ASSETCATALOG_COMPILER_APPICON_NAME = AppIcon;
				INFOPLIST_FILE = xiaoyuantong/Info.plist;
				LD_RUNPATH_SEARCH_PATHS = "$(inherited) @executable_path/Frameworks";
				PRODUCT_BUNDLE_IDENTIFIER = com.Tan.xiaoyuantong;
				PRODUCT_NAME = "$(TARGET_NAME)";
				SWIFT_OBJC_BRIDGING_HEADER = xiaoyuantong/Bridge.h;
			};
			name = Release;
		};
/* End XCBuildConfiguration section */

/* Begin XCConfigurationList section */
		27A2D2F31CF846C0002B377D /* Build configuration list for PBXProject "xiaoyuantong" */ = {
			isa = XCConfigurationList;
			buildConfigurations = (
				27A2D3081CF846C0002B377D /* Debug */,
				27A2D3091CF846C0002B377D /* Release */,
			);
			defaultConfigurationIsVisible = 0;
			defaultConfigurationName = Release;
		};
		27A2D30A1CF846C0002B377D /* Build configuration list for PBXNativeTarget "xiaoyuantong" */ = {
			isa = XCConfigurationList;
			buildConfigurations = (
				27A2D30B1CF846C0002B377D /* Debug */,
				27A2D30C1CF846C0002B377D /* Release */,
			);
			defaultConfigurationIsVisible = 0;
			defaultConfigurationName = Release;
		};
/* End XCConfigurationList section */
	};
	rootObject = 27A2D2F01CF846C0002B377D /* Project object */;
}
